<?xml version="1.0" encoding="utf-8"?>
<Project ToolsVersion="4.0" xmlns="http://schemas.microsoft.com/developer/msbuild/2003">
  <ItemGroup>
    <Filter Include="Resource Files">
      <UniqueIdentifier>{67DA6AB6-F800-4c08-8B7A-83BB121AAD01}</UniqueIdentifier>
      <Extensions>rc;ico;cur;bmp;dlg;rc2;rct;bin;rgs;gif;jpg;jpeg;jpe;resx;tiff;tif;png;wav;mfcribbon-ms</Extensions>
    </Filter>
    <Filter Include="KeyManagment">
      <UniqueIdentifier>{9478b365-c2e7-4753-82cf-70f9a2b68389}</UniqueIdentifier>
    </Filter>
    <Filter Include="DataBase">
      <UniqueIdentifier>{e6f3692b-244e-4262-9536-059a98790128}</UniqueIdentifier>
    </Filter>
    <Filter Include="Security">
      <UniqueIdentifier>{0bcf37cc-a65b-4668-b74b-2b35c8a5513f}</UniqueIdentifier>
    </Filter>
  </ItemGroup>
  <ItemGroup>
    <ClCompile Include="Source.c" />
    <ClCompile Include="UserCredential.c">
      <Filter>KeyManagment</Filter>
    </ClCompile>
    <ClCompile Include="KeyManager.cpp">
      <Filter>KeyManagment</Filter>
    </ClCompile>
    <ClCompile Include="DataBase.cpp">
      <Filter>DataBase</Filter>
    </ClCompile>
    <ClCompile Include="Hashing.cpp">
      <Filter>Security</Filter>
    </ClCompile>
    <ClCompile Include="KeyBundle.cpp">
      <Filter>KeyManagment</Filter>
    </ClCompile>
  </ItemGroup>
  <ItemGroup>
    <ClInclude Include="UserCredential.h">
      <Filter>KeyManagment</Filter>
    </ClInclude>
    <ClInclude Include="KeyManager.h">
      <Filter>KeyManagment</Filter>
    </ClInclude>
    <ClInclude Include="DataBase.h">
      <Filter>DataBase</Filter>
    </ClInclude>
    <ClInclude Include="Hashing.h">
      <Filter>Security</Filter>
    </ClInclude>
    <ClInclude Include="KeyBundle.h">
      <Filter>KeyManagment</Filter>
    </ClInclude>
  </ItemGroup>
</Project>